// !$*UTF8*$!
{
	archiveVersion = 1;
	classes = {
	};
	objectVersion = 46;
	objects = {

/* Begin PBXBuildFile section */
		9B329A8D1B106FD100FD66DF /* OAPhotoNoteObject.m in Sources */ = {isa = PBXBuildFile; fileRef = 9B329A8C1B106FD100FD66DF /* OAPhotoNoteObject.m */; };
		9B329A901B106FD100FD66DF /* HashTag.m in Sources */ = {isa = PBXBuildFile; fileRef = 9B329A8F1B106FD100FD66DF /* HashTag.m */; };
		9B329A931B106FD200FD66DF /* NoteProperty.m in Sources */ = {isa = PBXBuildFile; fileRef = 9B329A921B106FD200FD66DF /* NoteProperty.m */; };
		9B329A961B106FD200FD66DF /* PhotoNote.m in Sources */ = {isa = PBXBuildFile; fileRef = 9B329A951B106FD200FD66DF /* PhotoNote.m */; };
		9B329A991B106FD200FD66DF /* PhotoNotebook.m in Sources */ = {isa = PBXBuildFile; fileRef = 9B329A981B106FD200FD66DF /* PhotoNotebook.m */; };
		9B329A9C1B106FD200FD66DF /* PropertyView.m in Sources */ = {isa = PBXBuildFile; fileRef = 9B329A9B1B106FD200FD66DF /* PropertyView.m */; };
		9B329A9F1B106FD200FD66DF /* BookCategories.m in Sources */ = {isa = PBXBuildFile; fileRef = 9B329A9E1B106FD200FD66DF /* BookCategories.m */; };
		9B329AA21B1074D200FD66DF /* OATextFieldTableViewCell.m in Sources */ = {isa = PBXBuildFile; fileRef = 9B329AA11B1074D200FD66DF /* OATextFieldTableViewCell.m */; };
		9B329AA51B10771B00FD66DF /* NotePropertyTableViewController.m in Sources */ = {isa = PBXBuildFile; fileRef = 9B329AA41B10771B00FD66DF /* NotePropertyTableViewController.m */; };
		9B329AA81B10773F00FD66DF /* CategoryCollectionViewController.m in Sources */ = {isa = PBXBuildFile; fileRef = 9B329AA71B10773F00FD66DF /* CategoryCollectionViewController.m */; };
		9B434F6F1B118BD2004BA47A /* CategoryCollectionViewCell.m in Sources */ = {isa = PBXBuildFile; fileRef = 9B434F6E1B118BD2004BA47A /* CategoryCollectionViewCell.m */; };
		9B96A0E81B08453B001747B8 /* OAPhotoNotebookListCollectionViewController.m in Sources */ = {isa = PBXBuildFile; fileRef = 9B96A0E71B08453B001747B8 /* OAPhotoNotebookListCollectionViewController.m */; };
		9B96A0EB1B085355001747B8 /* OAPhotoNotebookCollectionViewCell.m in Sources */ = {isa = PBXBuildFile; fileRef = 9B96A0EA1B085355001747B8 /* OAPhotoNotebookCollectionViewCell.m */; };
		9B96A0EE1B085758001747B8 /* OAAddPhotoNotebookViewController.m in Sources */ = {isa = PBXBuildFile; fileRef = 9B96A0ED1B085758001747B8 /* OAAddPhotoNotebookViewController.m */; };
		9B96A0F11B085C76001747B8 /* OAPhotoNotebookCollectionViewController.m in Sources */ = {isa = PBXBuildFile; fileRef = 9B96A0F01B085C76001747B8 /* OAPhotoNotebookCollectionViewController.m */; };
		9B96A0F41B0860C9001747B8 /* OAPhotoNoteCollectionViewCell.m in Sources */ = {isa = PBXBuildFile; fileRef = 9B96A0F31B0860C9001747B8 /* OAPhotoNoteCollectionViewCell.m */; };
		9BAC63C71B023E47002AE0FC /* main.m in Sources */ = {isa = PBXBuildFile; fileRef = 9BAC63C61B023E47002AE0FC /* main.m */; };
		9BAC63CA1B023E47002AE0FC /* AppDelegate.m in Sources */ = {isa = PBXBuildFile; fileRef = 9BAC63C91B023E47002AE0FC /* AppDelegate.m */; };
		9BAC63CD1B023E47002AE0FC /* OAPhotoNote.xcdatamodeld in Sources */ = {isa = PBXBuildFile; fileRef = 9BAC63CB1B023E47002AE0FC /* OAPhotoNote.xcdatamodeld */; };
		9BAC63D01B023E47002AE0FC /* ViewController.m in Sources */ = {isa = PBXBuildFile; fileRef = 9BAC63CF1B023E47002AE0FC /* ViewController.m */; };
		9BAC63D31B023E47002AE0FC /* Main.storyboard in Resources */ = {isa = PBXBuildFile; fileRef = 9BAC63D11B023E47002AE0FC /* Main.storyboard */; };
		9BAC63D51B023E47002AE0FC /* Images.xcassets in Resources */ = {isa = PBXBuildFile; fileRef = 9BAC63D41B023E47002AE0FC /* Images.xcassets */; };
		9BAC63D81B023E47002AE0FC /* LaunchScreen.xib in Resources */ = {isa = PBXBuildFile; fileRef = 9BAC63D61B023E47002AE0FC /* LaunchScreen.xib */; };
		9BAC63E41B023E47002AE0FC /* OAPhotoNoteTests.m in Sources */ = {isa = PBXBuildFile; fileRef = 9BAC63E31B023E47002AE0FC /* OAPhotoNoteTests.m */; };
		9BD988431B1001D6004D1D47 /* OADocumentManager.m in Sources */ = {isa = PBXBuildFile; fileRef = 9BD988421B1001D6004D1D47 /* OADocumentManager.m */; };
/* End PBXBuildFile section */

/* Begin PBXContainerItemProxy section */
		9BAC63DE1B023E47002AE0FC /* PBXContainerItemProxy */ = {
			isa = PBXContainerItemProxy;
			containerPortal = 9BAC63B91B023E47002AE0FC /* Project object */;
			proxyType = 1;
			remoteGlobalIDString = 9BAC63C01B023E47002AE0FC;
			remoteInfo = OAPhotoNote;
		};
/* End PBXContainerItemProxy section */

/* Begin PBXFileReference section */
		9B329A8B1B106FD100FD66DF /* OAPhotoNoteObject.h */ = {isa = PBXFileReference; fileEncoding = 4; lastKnownFileType = sourcecode.c.h; path = OAPhotoNoteObject.h; sourceTree = "<group>"; };
		9B329A8C1B106FD100FD66DF /* OAPhotoNoteObject.m */ = {isa = PBXFileReference; fileEncoding = 4; lastKnownFileType = sourcecode.c.objc; path = OAPhotoNoteObject.m; sourceTree = "<group>"; };
		9B329A8E1B106FD100FD66DF /* HashTag.h */ = {isa = PBXFileReference; fileEncoding = 4; lastKnownFileType = sourcecode.c.h; path = HashTag.h; sourceTree = "<group>"; };
		9B329A8F1B106FD100FD66DF /* HashTag.m */ = {isa = PBXFileReference; fileEncoding = 4; lastKnownFileType = sourcecode.c.objc; path = HashTag.m; sourceTree = "<group>"; };
		9B329A911B106FD200FD66DF /* NoteProperty.h */ = {isa = PBXFileReference; fileEncoding = 4; lastKnownFileType = sourcecode.c.h; path = NoteProperty.h; sourceTree = "<group>"; };
		9B329A921B106FD200FD66DF /* NoteProperty.m */ = {isa = PBXFileReference; fileEncoding = 4; lastKnownFileType = sourcecode.c.objc; path = NoteProperty.m; sourceTree = "<group>"; };
		9B329A941B106FD200FD66DF /* PhotoNote.h */ = {isa = PBXFileReference; fileEncoding = 4; lastKnownFileType = sourcecode.c.h; path = PhotoNote.h; sourceTree = "<group>"; };
		9B329A951B106FD200FD66DF /* PhotoNote.m */ = {isa = PBXFileReference; fileEncoding = 4; lastKnownFileType = sourcecode.c.objc; path = PhotoNote.m; sourceTree = "<group>"; };
		9B329A971B106FD200FD66DF /* PhotoNotebook.h */ = {isa = PBXFileReference; fileEncoding = 4; lastKnownFileType = sourcecode.c.h; path = PhotoNotebook.h; sourceTree = "<group>"; };
		9B329A981B106FD200FD66DF /* PhotoNotebook.m */ = {isa = PBXFileReference; fileEncoding = 4; lastKnownFileType = sourcecode.c.objc; path = PhotoNotebook.m; sourceTree = "<group>"; };
		9B329A9A1B106FD200FD66DF /* PropertyView.h */ = {isa = PBXFileReference; fileEncoding = 4; lastKnownFileType = sourcecode.c.h; path = PropertyView.h; sourceTree = "<group>"; };
		9B329A9B1B106FD200FD66DF /* PropertyView.m */ = {isa = PBXFileReference; fileEncoding = 4; lastKnownFileType = sourcecode.c.objc; path = PropertyView.m; sourceTree = "<group>"; };
		9B329A9D1B106FD200FD66DF /* BookCategories.h */ = {isa = PBXFileReference; fileEncoding = 4; lastKnownFileType = sourcecode.c.h; path = BookCategories.h; sourceTree = "<group>"; };
		9B329A9E1B106FD200FD66DF /* BookCategories.m */ = {isa = PBXFileReference; fileEncoding = 4; lastKnownFileType = sourcecode.c.objc; path = BookCategories.m; sourceTree = "<group>"; };
		9B329AA01B1074D200FD66DF /* OATextFieldTableViewCell.h */ = {isa = PBXFileReference; fileEncoding = 4; lastKnownFileType = sourcecode.c.h; path = OATextFieldTableViewCell.h; sourceTree = "<group>"; };
		9B329AA11B1074D200FD66DF /* OATextFieldTableViewCell.m */ = {isa = PBXFileReference; fileEncoding = 4; lastKnownFileType = sourcecode.c.objc; path = OATextFieldTableViewCell.m; sourceTree = "<group>"; };
		9B329AA31B10771B00FD66DF /* NotePropertyTableViewController.h */ = {isa = PBXFileReference; fileEncoding = 4; lastKnownFileType = sourcecode.c.h; path = NotePropertyTableViewController.h; sourceTree = "<group>"; };
		9B329AA41B10771B00FD66DF /* NotePropertyTableViewController.m */ = {isa = PBXFileReference; fileEncoding = 4; lastKnownFileType = sourcecode.c.objc; path = NotePropertyTableViewController.m; sourceTree = "<group>"; };
		9B329AA61B10773F00FD66DF /* CategoryCollectionViewController.h */ = {isa = PBXFileReference; fileEncoding = 4; lastKnownFileType = sourcecode.c.h; path = CategoryCollectionViewController.h; sourceTree = "<group>"; };
		9B329AA71B10773F00FD66DF /* CategoryCollectionViewController.m */ = {isa = PBXFileReference; fileEncoding = 4; lastKnownFileType = sourcecode.c.objc; path = CategoryCollectionViewController.m; sourceTree = "<group>"; };
		9B434F6D1B118BD2004BA47A /* CategoryCollectionViewCell.h */ = {isa = PBXFileReference; fileEncoding = 4; lastKnownFileType = sourcecode.c.h; path = CategoryCollectionViewCell.h; sourceTree = "<group>"; };
		9B434F6E1B118BD2004BA47A /* CategoryCollectionViewCell.m */ = {isa = PBXFileReference; fileEncoding = 4; lastKnownFileType = sourcecode.c.objc; path = CategoryCollectionViewCell.m; sourceTree = "<group>"; };
		9B96A0E61B08453B001747B8 /* OAPhotoNotebookListCollectionViewController.h */ = {isa = PBXFileReference; fileEncoding = 4; lastKnownFileType = sourcecode.c.h; path = OAPhotoNotebookListCollectionViewController.h; sourceTree = "<group>"; };
		9B96A0E71B08453B001747B8 /* OAPhotoNotebookListCollectionViewController.m */ = {isa = PBXFileReference; fileEncoding = 4; lastKnownFileType = sourcecode.c.objc; path = OAPhotoNotebookListCollectionViewController.m; sourceTree = "<group>"; };
		9B96A0E91B085355001747B8 /* OAPhotoNotebookCollectionViewCell.h */ = {isa = PBXFileReference; fileEncoding = 4; lastKnownFileType = sourcecode.c.h; path = OAPhotoNotebookCollectionViewCell.h; sourceTree = "<group>"; };
		9B96A0EA1B085355001747B8 /* OAPhotoNotebookCollectionViewCell.m */ = {isa = PBXFileReference; fileEncoding = 4; lastKnownFileType = sourcecode.c.objc; path = OAPhotoNotebookCollectionViewCell.m; sourceTree = "<group>"; };
		9B96A0EC1B085758001747B8 /* OAAddPhotoNotebookViewController.h */ = {isa = PBXFileReference; fileEncoding = 4; lastKnownFileType = sourcecode.c.h; path = OAAddPhotoNotebookViewController.h; sourceTree = "<group>"; };
		9B96A0ED1B085758001747B8 /* OAAddPhotoNotebookViewController.m */ = {isa = PBXFileReference; fileEncoding = 4; lastKnownFileType = sourcecode.c.objc; path = OAAddPhotoNotebookViewController.m; sourceTree = "<group>"; };
		9B96A0EF1B085C76001747B8 /* OAPhotoNotebookCollectionViewController.h */ = {isa = PBXFileReference; fileEncoding = 4; lastKnownFileType = sourcecode.c.h; path = OAPhotoNotebookCollectionViewController.h; sourceTree = "<group>"; };
		9B96A0F01B085C76001747B8 /* OAPhotoNotebookCollectionViewController.m */ = {isa = PBXFileReference; fileEncoding = 4; lastKnownFileType = sourcecode.c.objc; path = OAPhotoNotebookCollectionViewController.m; sourceTree = "<group>"; };
		9B96A0F21B0860C9001747B8 /* OAPhotoNoteCollectionViewCell.h */ = {isa = PBXFileReference; fileEncoding = 4; lastKnownFileType = sourcecode.c.h; path = OAPhotoNoteCollectionViewCell.h; sourceTree = "<group>"; };
		9B96A0F31B0860C9001747B8 /* OAPhotoNoteCollectionViewCell.m */ = {isa = PBXFileReference; fileEncoding = 4; lastKnownFileType = sourcecode.c.objc; path = OAPhotoNoteCollectionViewCell.m; sourceTree = "<group>"; };
		9BAC63C11B023E47002AE0FC /* OAPhotoNote.app */ = {isa = PBXFileReference; explicitFileType = wrapper.application; includeInIndex = 0; path = OAPhotoNote.app; sourceTree = BUILT_PRODUCTS_DIR; };
		9BAC63C51B023E47002AE0FC /* Info.plist */ = {isa = PBXFileReference; lastKnownFileType = text.plist.xml; path = Info.plist; sourceTree = "<group>"; };
		9BAC63C61B023E47002AE0FC /* main.m */ = {isa = PBXFileReference; lastKnownFileType = sourcecode.c.objc; path = main.m; sourceTree = "<group>"; };
		9BAC63C81B023E47002AE0FC /* AppDelegate.h */ = {isa = PBXFileReference; lastKnownFileType = sourcecode.c.h; path = AppDelegate.h; sourceTree = "<group>"; };
		9BAC63C91B023E47002AE0FC /* AppDelegate.m */ = {isa = PBXFileReference; lastKnownFileType = sourcecode.c.objc; path = AppDelegate.m; sourceTree = "<group>"; };
		9BAC63CC1B023E47002AE0FC /* OAPhotoNote.xcdatamodel */ = {isa = PBXFileReference; lastKnownFileType = wrapper.xcdatamodel; path = OAPhotoNote.xcdatamodel; sourceTree = "<group>"; };
		9BAC63CE1B023E47002AE0FC /* ViewController.h */ = {isa = PBXFileReference; lastKnownFileType = sourcecode.c.h; path = ViewController.h; sourceTree = "<group>"; };
		9BAC63CF1B023E47002AE0FC /* ViewController.m */ = {isa = PBXFileReference; lastKnownFileType = sourcecode.c.objc; path = ViewController.m; sourceTree = "<group>"; };
		9BAC63D21B023E47002AE0FC /* Base */ = {isa = PBXFileReference; lastKnownFileType = file.storyboard; name = Base; path = Base.lproj/Main.storyboard; sourceTree = "<group>"; };
		9BAC63D41B023E47002AE0FC /* Images.xcassets */ = {isa = PBXFileReference; lastKnownFileType = folder.assetcatalog; path = Images.xcassets; sourceTree = "<group>"; };
		9BAC63D71B023E47002AE0FC /* Base */ = {isa = PBXFileReference; lastKnownFileType = file.xib; name = Base; path = Base.lproj/LaunchScreen.xib; sourceTree = "<group>"; };
		9BAC63DD1B023E47002AE0FC /* OAPhotoNoteTests.xctest */ = {isa = PBXFileReference; explicitFileType = wrapper.cfbundle; includeInIndex = 0; path = OAPhotoNoteTests.xctest; sourceTree = BUILT_PRODUCTS_DIR; };
		9BAC63E21B023E47002AE0FC /* Info.plist */ = {isa = PBXFileReference; lastKnownFileType = text.plist.xml; path = Info.plist; sourceTree = "<group>"; };
		9BAC63E31B023E47002AE0FC /* OAPhotoNoteTests.m */ = {isa = PBXFileReference; lastKnownFileType = sourcecode.c.objc; path = OAPhotoNoteTests.m; sourceTree = "<group>"; };
		9BD988411B1001D6004D1D47 /* OADocumentManager.h */ = {isa = PBXFileReference; fileEncoding = 4; lastKnownFileType = sourcecode.c.h; path = OADocumentManager.h; sourceTree = "<group>"; };
		9BD988421B1001D6004D1D47 /* OADocumentManager.m */ = {isa = PBXFileReference; fileEncoding = 4; lastKnownFileType = sourcecode.c.objc; path = OADocumentManager.m; sourceTree = "<group>"; };
/* End PBXFileReference section */

/* Begin PBXFrameworksBuildPhase section */
		9BAC63BE1B023E47002AE0FC /* Frameworks */ = {
			isa = PBXFrameworksBuildPhase;
			buildActionMask = 2147483647;
			files = (
			);
			runOnlyForDeploymentPostprocessing = 0;
		};
		9BAC63DA1B023E47002AE0FC /* Frameworks */ = {
			isa = PBXFrameworksBuildPhase;
			buildActionMask = 2147483647;
			files = (
			);
			runOnlyForDeploymentPostprocessing = 0;
		};
/* End PBXFrameworksBuildPhase section */

/* Begin PBXGroup section */
		9B329AA91B10775400FD66DF /* Create */ = {
			isa = PBXGroup;
			children = (
				9B96A0EC1B085758001747B8 /* OAAddPhotoNotebookViewController.h */,
				9B96A0ED1B085758001747B8 /* OAAddPhotoNotebookViewController.m */,
				9B329AA31B10771B00FD66DF /* NotePropertyTableViewController.h */,
				9B329AA41B10771B00FD66DF /* NotePropertyTableViewController.m */,
				9B329AA61B10773F00FD66DF /* CategoryCollectionViewController.h */,
				9B329AA71B10773F00FD66DF /* CategoryCollectionViewController.m */,
			);
			name = Create;
			sourceTree = "<group>";
		};
		9B96A0E41B084349001747B8 /* Model */ = {
			isa = PBXGroup;
			children = (
				9BD9883F1B1000E7004D1D47 /* Categories */,
				9BD988401B10010F004D1D47 /* ManagedObjects */,
				9BD988441B101D05004D1D47 /* FileManager */,
			);
			name = Model;
			sourceTree = "<group>";
		};
		9B96A0E51B08450E001747B8 /* Controller */ = {
			isa = PBXGroup;
			children = (
				9B96A0E61B08453B001747B8 /* OAPhotoNotebookListCollectionViewController.h */,
				9B96A0E71B08453B001747B8 /* OAPhotoNotebookListCollectionViewController.m */,
				9B329AA91B10775400FD66DF /* Create */,
				9B96A0EF1B085C76001747B8 /* OAPhotoNotebookCollectionViewController.h */,
				9B96A0F01B085C76001747B8 /* OAPhotoNotebookCollectionViewController.m */,
				9BD988481B105D70004D1D47 /* Cells */,
			);
			name = Controller;
			sourceTree = "<group>";
		};
		9BAC63B81B023E47002AE0FC = {
			isa = PBXGroup;
			children = (
				9BAC63C31B023E47002AE0FC /* OAPhotoNote */,
				9BAC63E01B023E47002AE0FC /* OAPhotoNoteTests */,
				9BAC63C21B023E47002AE0FC /* Products */,
			);
			sourceTree = "<group>";
		};
		9BAC63C21B023E47002AE0FC /* Products */ = {
			isa = PBXGroup;
			children = (
				9BAC63C11B023E47002AE0FC /* OAPhotoNote.app */,
				9BAC63DD1B023E47002AE0FC /* OAPhotoNoteTests.xctest */,
			);
			name = Products;
			sourceTree = "<group>";
		};
		9BAC63C31B023E47002AE0FC /* OAPhotoNote */ = {
			isa = PBXGroup;
			children = (
				9BAC63C81B023E47002AE0FC /* AppDelegate.h */,
				9BAC63C91B023E47002AE0FC /* AppDelegate.m */,
				9B96A0E41B084349001747B8 /* Model */,
				9B96A0E51B08450E001747B8 /* Controller */,
				9BAC63C41B023E47002AE0FC /* Supporting Files */,
			);
			path = OAPhotoNote;
			sourceTree = "<group>";
		};
		9BAC63C41B023E47002AE0FC /* Supporting Files */ = {
			isa = PBXGroup;
			children = (
				9BAC63CB1B023E47002AE0FC /* OAPhotoNote.xcdatamodeld */,
				9BAC63D11B023E47002AE0FC /* Main.storyboard */,
				9BAC63D41B023E47002AE0FC /* Images.xcassets */,
				9BAC63D61B023E47002AE0FC /* LaunchScreen.xib */,
				9BAC63CE1B023E47002AE0FC /* ViewController.h */,
				9BAC63CF1B023E47002AE0FC /* ViewController.m */,
				9BAC63C51B023E47002AE0FC /* Info.plist */,
				9BAC63C61B023E47002AE0FC /* main.m */,
			);
			name = "Supporting Files";
			sourceTree = "<group>";
		};
		9BAC63E01B023E47002AE0FC /* OAPhotoNoteTests */ = {
			isa = PBXGroup;
			children = (
				9BAC63E31B023E47002AE0FC /* OAPhotoNoteTests.m */,
				9BAC63E11B023E47002AE0FC /* Supporting Files */,
			);
			path = OAPhotoNoteTests;
			sourceTree = "<group>";
		};
		9BAC63E11B023E47002AE0FC /* Supporting Files */ = {
			isa = PBXGroup;
			children = (
				9BAC63E21B023E47002AE0FC /* Info.plist */,
			);
			name = "Supporting Files";
			sourceTree = "<group>";
		};
		9BD9883F1B1000E7004D1D47 /* Categories */ = {
			isa = PBXGroup;
			children = (
			);
			name = Categories;
			sourceTree = "<group>";
		};
		9BD988401B10010F004D1D47 /* ManagedObjects */ = {
			isa = PBXGroup;
			children = (
				9B329A8B1B106FD100FD66DF /* OAPhotoNoteObject.h */,
				9B329A8C1B106FD100FD66DF /* OAPhotoNoteObject.m */,
				9B329A8E1B106FD100FD66DF /* HashTag.h */,
				9B329A8F1B106FD100FD66DF /* HashTag.m */,
				9B329A911B106FD200FD66DF /* NoteProperty.h */,
				9B329A921B106FD200FD66DF /* NoteProperty.m */,
				9B329A941B106FD200FD66DF /* PhotoNote.h */,
				9B329A951B106FD200FD66DF /* PhotoNote.m */,
				9B329A971B106FD200FD66DF /* PhotoNotebook.h */,
				9B329A981B106FD200FD66DF /* PhotoNotebook.m */,
				9B329A9A1B106FD200FD66DF /* PropertyView.h */,
				9B329A9B1B106FD200FD66DF /* PropertyView.m */,
				9B329A9D1B106FD200FD66DF /* BookCategories.h */,
				9B329A9E1B106FD200FD66DF /* BookCategories.m */,
			);
			name = ManagedObjects;
			sourceTree = "<group>";
		};
		9BD988441B101D05004D1D47 /* FileManager */ = {
			isa = PBXGroup;
			children = (
				9BD988411B1001D6004D1D47 /* OADocumentManager.h */,
				9BD988421B1001D6004D1D47 /* OADocumentManager.m */,
			);
			name = FileManager;
			sourceTree = "<group>";
		};
		9BD988481B105D70004D1D47 /* Cells */ = {
			isa = PBXGroup;
			children = (
				9B96A0E91B085355001747B8 /* OAPhotoNotebookCollectionViewCell.h */,
				9B96A0EA1B085355001747B8 /* OAPhotoNotebookCollectionViewCell.m */,
				9B96A0F21B0860C9001747B8 /* OAPhotoNoteCollectionViewCell.h */,
				9B96A0F31B0860C9001747B8 /* OAPhotoNoteCollectionViewCell.m */,
				9B329AA01B1074D200FD66DF /* OATextFieldTableViewCell.h */,
				9B329AA11B1074D200FD66DF /* OATextFieldTableViewCell.m */,
				9B434F6D1B118BD2004BA47A /* CategoryCollectionViewCell.h */,
				9B434F6E1B118BD2004BA47A /* CategoryCollectionViewCell.m */,
			);
			name = Cells;
			sourceTree = "<group>";
		};
/* End PBXGroup section */

/* Begin PBXNativeTarget section */
		9BAC63C01B023E47002AE0FC /* OAPhotoNote */ = {
			isa = PBXNativeTarget;
			buildConfigurationList = 9BAC63E71B023E47002AE0FC /* Build configuration list for PBXNativeTarget "OAPhotoNote" */;
			buildPhases = (
				9BAC63BD1B023E47002AE0FC /* Sources */,
				9BAC63BE1B023E47002AE0FC /* Frameworks */,
				9BAC63BF1B023E47002AE0FC /* Resources */,
			);
			buildRules = (
			);
			dependencies = (
			);
			name = OAPhotoNote;
			productName = OAPhotoNote;
			productReference = 9BAC63C11B023E47002AE0FC /* OAPhotoNote.app */;
			productType = "com.apple.product-type.application";
		};
		9BAC63DC1B023E47002AE0FC /* OAPhotoNoteTests */ = {
			isa = PBXNativeTarget;
			buildConfigurationList = 9BAC63EA1B023E47002AE0FC /* Build configuration list for PBXNativeTarget "OAPhotoNoteTests" */;
			buildPhases = (
				9BAC63D91B023E47002AE0FC /* Sources */,
				9BAC63DA1B023E47002AE0FC /* Frameworks */,
				9BAC63DB1B023E47002AE0FC /* Resources */,
			);
			buildRules = (
			);
			dependencies = (
				9BAC63DF1B023E47002AE0FC /* PBXTargetDependency */,
			);
			name = OAPhotoNoteTests;
			productName = OAPhotoNoteTests;
			productReference = 9BAC63DD1B023E47002AE0FC /* OAPhotoNoteTests.xctest */;
			productType = "com.apple.product-type.bundle.unit-test";
		};
/* End PBXNativeTarget section */

/* Begin PBXProject section */
		9BAC63B91B023E47002AE0FC /* Project object */ = {
			isa = PBXProject;
			attributes = {
				LastUpgradeCheck = 0630;
				ORGANIZATIONNAME = "Lee Chung-Yun";
				TargetAttributes = {
					9BAC63C01B023E47002AE0FC = {
						CreatedOnToolsVersion = 6.3.1;
						DevelopmentTeam = 7JP8NP67JM;
					};
					9BAC63DC1B023E47002AE0FC = {
						CreatedOnToolsVersion = 6.3.1;
						TestTargetID = 9BAC63C01B023E47002AE0FC;
					};
				};
			};
			buildConfigurationList = 9BAC63BC1B023E47002AE0FC /* Build configuration list for PBXProject "OAPhotoNote" */;
			compatibilityVersion = "Xcode 3.2";
			developmentRegion = English;
			hasScannedForEncodings = 0;
			knownRegions = (
				en,
				Base,
			);
			mainGroup = 9BAC63B81B023E47002AE0FC;
			productRefGroup = 9BAC63C21B023E47002AE0FC /* Products */;
			projectDirPath = "";
			projectRoot = "";
			targets = (
				9BAC63C01B023E47002AE0FC /* OAPhotoNote */,
				9BAC63DC1B023E47002AE0FC /* OAPhotoNoteTests */,
			);
		};
/* End PBXProject section */

/* Begin PBXResourcesBuildPhase section */
		9BAC63BF1B023E47002AE0FC /* Resources */ = {
			isa = PBXResourcesBuildPhase;
			buildActionMask = 2147483647;
			files = (
				9BAC63D31B023E47002AE0FC /* Main.storyboard in Resources */,
				9BAC63D81B023E47002AE0FC /* LaunchScreen.xib in Resources */,
				9BAC63D51B023E47002AE0FC /* Images.xcassets in Resources */,
			);
			runOnlyForDeploymentPostprocessing = 0;
		};
		9BAC63DB1B023E47002AE0FC /* Resources */ = {
			isa = PBXResourcesBuildPhase;
			buildActionMask = 2147483647;
			files = (
			);
			runOnlyForDeploymentPostprocessing = 0;
		};
/* End PBXResourcesBuildPhase section */

/* Begin PBXSourcesBuildPhase section */
		9BAC63BD1B023E47002AE0FC /* Sources */ = {
			isa = PBXSourcesBuildPhase;
			buildActionMask = 2147483647;
			files = (
				9B96A0EE1B085758001747B8 /* OAAddPhotoNotebookViewController.m in Sources */,
				9B329AA21B1074D200FD66DF /* OATextFieldTableViewCell.m in Sources */,
				9BAC63CA1B023E47002AE0FC /* AppDelegate.m in Sources */,
				9BAC63CD1B023E47002AE0FC /* OAPhotoNote.xcdatamodeld in Sources */,
				9B329A8D1B106FD100FD66DF /* OAPhotoNoteObject.m in Sources */,
				9BD988431B1001D6004D1D47 /* OADocumentManager.m in Sources */,
				9B329AA51B10771B00FD66DF /* NotePropertyTableViewController.m in Sources */,
				9B329AA81B10773F00FD66DF /* CategoryCollectionViewController.m in Sources */,
				9B329A901B106FD100FD66DF /* HashTag.m in Sources */,
				9B329A9F1B106FD200FD66DF /* BookCategories.m in Sources */,
				9BAC63D01B023E47002AE0FC /* ViewController.m in Sources */,
				9B96A0E81B08453B001747B8 /* OAPhotoNotebookListCollectionViewController.m in Sources */,
				9B96A0EB1B085355001747B8 /* OAPhotoNotebookCollectionViewCell.m in Sources */,
				9B329A931B106FD200FD66DF /* NoteProperty.m in Sources */,
				9B329A9C1B106FD200FD66DF /* PropertyView.m in Sources */,
				9B329A961B106FD200FD66DF /* PhotoNote.m in Sources */,
				9BAC63C71B023E47002AE0FC /* main.m in Sources */,
				9B96A0F41B0860C9001747B8 /* OAPhotoNoteCollectionViewCell.m in Sources */,
				9B434F6F1B118BD2004BA47A /* CategoryCollectionViewCell.m in Sources */,
				9B96A0F11B085C76001747B8 /* OAPhotoNotebookCollectionViewController.m in Sources */,
				9B329A991B106FD200FD66DF /* PhotoNotebook.m in Sources */,
			);
			runOnlyForDeploymentPostprocessing = 0;
		};
		9BAC63D91B023E47002AE0FC /* Sources */ = {
			isa = PBXSourcesBuildPhase;
			buildActionMask = 2147483647;
			files = (
				9BAC63E41B023E47002AE0FC /* OAPhotoNoteTests.m in Sources */,
			);
			runOnlyForDeploymentPostprocessing = 0;
		};
/* End PBXSourcesBuildPhase section */

/* Begin PBXTargetDependency section */
		9BAC63DF1B023E47002AE0FC /* PBXTargetDependency */ = {
			isa = PBXTargetDependency;
			target = 9BAC63C01B023E47002AE0FC /* OAPhotoNote */;
			targetProxy = 9BAC63DE1B023E47002AE0FC /* PBXContainerItemProxy */;
		};
/* End PBXTargetDependency section */

/* Begin PBXVariantGroup section */
		9BAC63D11B023E47002AE0FC /* Main.storyboard */ = {
			isa = PBXVariantGroup;
			children = (
				9BAC63D21B023E47002AE0FC /* Base */,
			);
			name = Main.storyboard;
			sourceTree = "<group>";
		};
		9BAC63D61B023E47002AE0FC /* LaunchScreen.xib */ = {
			isa = PBXVariantGroup;
			children = (
				9BAC63D71B023E47002AE0FC /* Base */,
			);
			name = LaunchScreen.xib;
			sourceTree = "<group>";
		};
/* End PBXVariantGroup section */

/* Begin XCBuildConfiguration section */
		9BAC63E51B023E47002AE0FC /* Debug */ = {
			isa = XCBuildConfiguration;
			buildSettings = {
				ALWAYS_SEARCH_USER_PATHS = NO;
				CLANG_CXX_LANGUAGE_STANDARD = "gnu++0x";
				CLANG_CXX_LIBRARY = "libc++";
				CLANG_ENABLE_MODULES = YES;
				CLANG_ENABLE_OBJC_ARC = YES;
				CLANG_WARN_BOOL_CONVERSION = YES;
				CLANG_WARN_CONSTANT_CONVERSION = YES;
				CLANG_WARN_DIRECT_OBJC_ISA_USAGE = YES_ERROR;
				CLANG_WARN_EMPTY_BODY = YES;
				CLANG_WARN_ENUM_CONVERSION = YES;
				CLANG_WARN_INT_CONVERSION = YES;
				CLANG_WARN_OBJC_ROOT_CLASS = YES_ERROR;
				CLANG_WARN_UNREACHABLE_CODE = YES;
				CLANG_WARN__DUPLICATE_METHOD_MATCH = YES;
				"CODE_SIGN_IDENTITY[sdk=iphoneos*]" = "iPhone Developer";
				COPY_PHASE_STRIP = NO;
				DEBUG_INFORMATION_FORMAT = "dwarf-with-dsym";
				ENABLE_STRICT_OBJC_MSGSEND = YES;
				GCC_C_LANGUAGE_STANDARD = gnu99;
				GCC_DYNAMIC_NO_PIC = NO;
				GCC_NO_COMMON_BLOCKS = YES;
				GCC_OPTIMIZATION_LEVEL = 0;
				GCC_PREPROCESSOR_DEFINITIONS = (
					"DEBUG=1",
					"$(inherited)",
				);
				GCC_SYMBOLS_PRIVATE_EXTERN = NO;
				GCC_WARN_64_TO_32_BIT_CONVERSION = YES;
				GCC_WARN_ABOUT_RETURN_TYPE = YES_ERROR;
				GCC_WARN_UNDECLARED_SELECTOR = YES;
				GCC_WARN_UNINITIALIZED_AUTOS = YES_AGGRESSIVE;
				GCC_WARN_UNUSED_FUNCTION = YES;
				GCC_WARN_UNUSED_VARIABLE = YES;
				IPHONEOS_DEPLOYMENT_TARGET = 8.3;
				MTL_ENABLE_DEBUG_INFO = YES;
				ONLY_ACTIVE_ARCH = YES;
				SDKROOT = iphoneos;
			};
			name = Debug;
		};
		9BAC63E61B023E47002AE0FC /* Release */ = {
			isa = XCBuildConfiguration;
			buildSettings = {
				ALWAYS_SEARCH_USER_PATHS = NO;
				CLANG_CXX_LANGUAGE_STANDARD = "gnu++0x";
				CLANG_CXX_LIBRARY = "libc++";
				CLANG_ENABLE_MODULES = YES;
				CLANG_ENABLE_OBJC_ARC = YES;
				CLANG_WARN_BOOL_CONVERSION = YES;
				CLANG_WARN_CONSTANT_CONVERSION = YES;
				CLANG_WARN_DIRECT_OBJC_ISA_USAGE = YES_ERROR;
				CLANG_WARN_EMPTY_BODY = YES;
				CLANG_WARN_ENUM_CONVERSION = YES;
				CLANG_WARN_INT_CONVERSION = YES;
				CLANG_WARN_OBJC_ROOT_CLASS = YES_ERROR;
				CLANG_WARN_UNREACHABLE_CODE = YES;
				CLANG_WARN__DUPLICATE_METHOD_MATCH = YES;
				"CODE_SIGN_IDENTITY[sdk=iphoneos*]" = "iPhone Developer";
				COPY_PHASE_STRIP = NO;
				DEBUG_INFORMATION_FORMAT = "dwarf-with-dsym";
				ENABLE_NS_ASSERTIONS = NO;
				ENABLE_STRICT_OBJC_MSGSEND = YES;
				GCC_C_LANGUAGE_STANDARD = gnu99;
				GCC_NO_COMMON_BLOCKS = YES;
				GCC_WARN_64_TO_32_BIT_CONVERSION = YES;
				GCC_WARN_ABOUT_RETURN_TYPE = YES_ERROR;
				GCC_WARN_UNDECLARED_SELECTOR = YES;
				GCC_WARN_UNINITIALIZED_AUTOS = YES_AGGRESSIVE;
				GCC_WARN_UNUSED_FUNCTION = YES;
				GCC_WARN_UNUSED_VARIABLE = YES;
				IPHONEOS_DEPLOYMENT_TARGET = 8.3;
				MTL_ENABLE_DEBUG_INFO = NO;
				SDKROOT = iphoneos;
				VALIDATE_PRODUCT = YES;
			};
			name = Release;
		};
		9BAC63E81B023E47002AE0FC /* Debug */ = {
			isa = XCBuildConfiguration;
			buildSettings = {
				ASSETCATALOG_COMPILER_APPICON_NAME = AppIcon;
				CODE_SIGN_IDENTITY = "iPhone Developer";
				INFOPLIST_FILE = OAPhotoNote/Info.plist;
				IPHONEOS_DEPLOYMENT_TARGET = 7.1;
				LD_RUNPATH_SEARCH_PATHS = "$(inherited) @executable_path/Frameworks";
				PRODUCT_NAME = "$(TARGET_NAME)";
			};
			name = Debug;
		};
		9BAC63E91B023E47002AE0FC /* Release */ = {
			isa = XCBuildConfiguration;
			buildSettings = {
				ASSETCATALOG_COMPILER_APPICON_NAME = AppIcon;
				CODE_SIGN_IDENTITY = "iPhone Developer";
				INFOPLIST_FILE = OAPhotoNote/Info.plist;
				IPHONEOS_DEPLOYMENT_TARGET = 7.1;
				LD_RUNPATH_SEARCH_PATHS = "$(inherited) @executable_path/Frameworks";
				PRODUCT_NAME = "$(TARGET_NAME)";
			};
			name = Release;
		};
		9BAC63EB1B023E47002AE0FC /* Debug */ = {
			isa = XCBuildConfiguration;
			buildSettings = {
				BUNDLE_LOADER = "$(TEST_HOST)";
				FRAMEWORK_SEARCH_PATHS = (
					"$(SDKROOT)/Developer/Library/Frameworks",
					"$(inherited)",
				);
				GCC_PREPROCESSOR_DEFINITIONS = (
					"DEBUG=1",
					"$(inherited)",
				);
				INFOPLIST_FILE = OAPhotoNoteTests/Info.plist;
				LD_RUNPATH_SEARCH_PATHS = "$(inherited) @executable_path/Frameworks @loader_path/Frameworks";
				PRODUCT_NAME = "$(TARGET_NAME)";
				TEST_HOST = "$(BUILT_PRODUCTS_DIR)/OAPhotoNote.app/OAPhotoNote";
			};
			name = Debug;
		};
		9BAC63EC1B023E47002AE0FC /* Release */ = {
			isa = XCBuildConfiguration;
			buildSettings = {
				BUNDLE_LOADER = "$(TEST_HOST)";
				FRAMEWORK_SEARCH_PATHS = (
					"$(SDKROOT)/Developer/Library/Frameworks",
					"$(inherited)",
				);
				INFOPLIST_FILE = OAPhotoNoteTests/Info.plist;
				LD_RUNPATH_SEARCH_PATHS = "$(inherited) @executable_path/Frameworks @loader_path/Frameworks";
				PRODUCT_NAME = "$(TARGET_NAME)";
				TEST_HOST = "$(BUILT_PRODUCTS_DIR)/OAPhotoNote.app/OAPhotoNote";
			};
			name = Release;
		};
/* End XCBuildConfiguration section */

/* Begin XCConfigurationList section */
		9BAC63BC1B023E47002AE0FC /* Build configuration list for PBXProject "OAPhotoNote" */ = {
			isa = XCConfigurationList;
			buildConfigurations = (
				9BAC63E51B023E47002AE0FC /* Debug */,
				9BAC63E61B023E47002AE0FC /* Release */,
			);
			defaultConfigurationIsVisible = 0;
			defaultConfigurationName = Release;
		};
		9BAC63E71B023E47002AE0FC /* Build configuration list for PBXNativeTarget "OAPhotoNote" */ = {
			isa = XCConfigurationList;
			buildConfigurations = (
				9BAC63E81B023E47002AE0FC /* Debug */,
				9BAC63E91B023E47002AE0FC /* Release */,
			);
			defaultConfigurationIsVisible = 0;
			defaultConfigurationName = Release;
		};
		9BAC63EA1B023E47002AE0FC /* Build configuration list for PBXNativeTarget "OAPhotoNoteTests" */ = {
			isa = XCConfigurationList;
			buildConfigurations = (
				9BAC63EB1B023E47002AE0FC /* Debug */,
				9BAC63EC1B023E47002AE0FC /* Release */,
			);
			defaultConfigurationIsVisible = 0;
			defaultConfigurationName = Release;
		};
/* End XCConfigurationList section */

/* Begin XCVersionGroup section */
		9BAC63CB1B023E47002AE0FC /* OAPhotoNote.xcdatamodeld */ = {
			isa = XCVersionGroup;
			children = (
				9BAC63CC1B023E47002AE0FC /* OAPhotoNote.xcdatamodel */,
			);
			currentVersion = 9BAC63CC1B023E47002AE0FC /* OAPhotoNote.xcdatamodel */;
			path = OAPhotoNote.xcdatamodeld;
			sourceTree = "<group>";
			versionGroupType = wrapper.xcdatamodel;
		};
/* End XCVersionGroup section */
	};
	rootObject = 9BAC63B91B023E47002AE0FC /* Project object */;
}
